PODS:
  - AFNetworking (1.3.4)
  - MBProgressHUD (1.2.0)
  - OTPFieldView (1.0.1)

DEPENDENCIES:
  - AFNetworking (~> 1.0)
  - MBProgressHUD
  - OTPFieldView

SPEC REPOS:
  trunk:
    - AFNetworking
    - MBProgressHUD
    - OTPFieldView

SPEC CHECKSUMS:
  AFNetworking: 61d8c1d58a2a6385abb0650d01642f3a230a9cdb
  MBProgressHUD: 3ee5efcc380f6a79a7cc9b363dd669c5e1ae7406
  OTPFieldView: 700a752fe62c41d1c4914c78aa500fb30d97c255

PODFILE CHECKSUM: cbbd57446242ca8eab71358bb3ea53b9a8a25df3

COCOAPODS: 1.11.2
